
Microsoft Visual Studio Solution File, Format Version 12.00
# Visual Studio Version 17
VisualStudioVersion = 17.12.35527.113 d17.12
MinimumVisualStudioVersion = 10.0.40219.1
Project("{FAE04EC0-301F-11D3-BF4B-00C04F79EFBC}") = "demo", "demo\demo.csproj", "{08F3F37A-DD2E-4B90-B218-207D8300F4B3}"
EndProject
Project("{FAE04EC0-301F-11D3-BF4B-00C04F79EFBC}") = "Common", "Common\Common.csproj", "{A5687029-9C85-4815-B2C8-424AAE0CE1AD}"
EndProject
Global
	GlobalSection(SolutionConfigurationPlatforms) = preSolution
		Debug|Any CPU = Debug|Any CPU
		Release|Any CPU = Release|Any CPU
	EndGlobalSection
	GlobalSection(ProjectConfigurationPlatforms) = postSolution
		{08F3F37A-DD2E-4B90-B218-207D8300F4B3}.Debug|Any CPU.ActiveCfg = Debug|Any CPU
		{08F3F37A-DD2E-4B90-B218-207D8300F4B3}.Debug|Any CPU.Build.0 = Debug|Any CPU
		{08F3F37A-DD2E-4B90-B218-207D8300F4B3}.Release|Any CPU.ActiveCfg = Release|Any CPU
		{08F3F37A-DD2E-4B90-B218-207D8300F4B3}.Release|Any CPU.Build.0 = Release|Any CPU
		{A5687029-9C85-4815-B2C8-424AAE0CE1AD}.Debug|Any CPU.ActiveCfg = Debug|Any CPU
		{A5687029-9C85-4815-B2C8-424AAE0CE1AD}.Debug|Any CPU.Build.0 = Debug|Any CPU
		{A5687029-9C85-4815-B2C8-424AAE0CE1AD}.Release|Any CPU.ActiveCfg = Release|Any CPU
		{A5687029-9C85-4815-B2C8-424AAE0CE1AD}.Release|Any CPU.Build.0 = Release|Any CPU
	EndGlobalSection
	GlobalSection(SolutionProperties) = preSolution
		HideSolutionNode = FALSE
	EndGlobalSection
EndGlobal
